
Microsoft Visual Studio Solution File, Format Version 12.00
# Visual Studio Version 17
VisualStudioVersion = 17.14.36518.9 d17.14
MinimumVisualStudioVersion = 10.0.40219.1
Project("{FAE04EC0-301F-11D3-BF4B-00C04F79EFBC}") = "Domain", "Domain\Domain.csproj", "{DAEF1F99-3E1D-4D57-B572-277A9C3A710F}"
EndProject
Project("{FAE04EC0-301F-11D3-BF4B-00C04F79EFBC}") = "Application", "Application\Application.csproj", "{08667E57-F4A7-4AA0-8896-DFF0A0742B4F}"
EndProject
Project("{FAE04EC0-301F-11D3-BF4B-00C04F79EFBC}") = "Infrastructure", "Infrastructure\Infrastructure.csproj", "{5E2F22A3-EE89-410F-8906-E4F55A448C98}"
EndProject
Project("{FAE04EC0-301F-11D3-BF4B-00C04F79EFBC}") = "WebAPI", "WebAPI\WebAPI.csproj", "{1F9B44C4-1ECC-4022-BA9D-3035900C08E2}"
EndProject
Global
	GlobalSection(SolutionConfigurationPlatforms) = preSolution
		Debug|Any CPU = Debug|Any CPU
		Release|Any CPU = Release|Any CPU
	EndGlobalSection
	GlobalSection(ProjectConfigurationPlatforms) = postSolution
		{DAEF1F99-3E1D-4D57-B572-277A9C3A710F}.Debug|Any CPU.ActiveCfg = Debug|Any CPU
		{DAEF1F99-3E1D-4D57-B572-277A9C3A710F}.Debug|Any CPU.Build.0 = Debug|Any CPU
		{DAEF1F99-3E1D-4D57-B572-277A9C3A710F}.Release|Any CPU.ActiveCfg = Release|Any CPU
		{DAEF1F99-3E1D-4D57-B572-277A9C3A710F}.Release|Any CPU.Build.0 = Release|Any CPU
		{08667E57-F4A7-4AA0-8896-DFF0A0742B4F}.Debug|Any CPU.ActiveCfg = Debug|Any CPU
		{08667E57-F4A7-4AA0-8896-DFF0A0742B4F}.Debug|Any CPU.Build.0 = Debug|Any CPU
		{08667E57-F4A7-4AA0-8896-DFF0A0742B4F}.Release|Any CPU.ActiveCfg = Release|Any CPU
		{08667E57-F4A7-4AA0-8896-DFF0A0742B4F}.Release|Any CPU.Build.0 = Release|Any CPU
		{5E2F22A3-EE89-410F-8906-E4F55A448C98}.Debug|Any CPU.ActiveCfg = Debug|Any CPU
		{5E2F22A3-EE89-410F-8906-E4F55A448C98}.Debug|Any CPU.Build.0 = Debug|Any CPU
		{5E2F22A3-EE89-410F-8906-E4F55A448C98}.Release|Any CPU.ActiveCfg = Release|Any CPU
		{5E2F22A3-EE89-410F-8906-E4F55A448C98}.Release|Any CPU.Build.0 = Release|Any CPU
		{1F9B44C4-1ECC-4022-BA9D-3035900C08E2}.Debug|Any CPU.ActiveCfg = Debug|Any CPU
		{1F9B44C4-1ECC-4022-BA9D-3035900C08E2}.Debug|Any CPU.Build.0 = Debug|Any CPU
		{1F9B44C4-1ECC-4022-BA9D-3035900C08E2}.Release|Any CPU.ActiveCfg = Release|Any CPU
		{1F9B44C4-1ECC-4022-BA9D-3035900C08E2}.Release|Any CPU.Build.0 = Release|Any CPU
	EndGlobalSection
	GlobalSection(SolutionProperties) = preSolution
		HideSolutionNode = FALSE
	EndGlobalSection
	GlobalSection(ExtensibilityGlobals) = postSolution
		SolutionGuid = {F18C4D24-FA92-44AE-ADF8-13C9E8DC6853}
	EndGlobalSection
EndGlobal
